// !$*UTF8*$!
{
	archiveVersion = 1;
	classes = {
	};
	objectVersion = 46;
	objects = {

/* Begin PBXBuildFile section */
		A7BB1C761A4021CD00019938 /* main.m in Sources */ = {isa = PBXBuildFile; fileRef = A7BB1C751A4021CD00019938 /* main.m */; };
		A7BB1C791A4021CD00019938 /* AppDelegate.m in Sources */ = {isa = PBXBuildFile; fileRef = A7BB1C781A4021CD00019938 /* AppDelegate.m */; };
		A7BB1C7C1A4021CD00019938 /* ViewController.m in Sources */ = {isa = PBXBuildFile; fileRef = A7BB1C7B1A4021CD00019938 /* ViewController.m */; };
		A7BB1C7F1A4021CD00019938 /* Main.storyboard in Resources */ = {isa = PBXBuildFile; fileRef = A7BB1C7D1A4021CD00019938 /* Main.storyboard */; };
		A7BB1C811A4021CD00019938 /* Images.xcassets in Resources */ = {isa = PBXBuildFile; fileRef = A7BB1C801A4021CD00019938 /* Images.xcassets */; };
		A7BB1C841A4021CD00019938 /* LaunchScreen.xib in Resources */ = {isa = PBXBuildFile; fileRef = A7BB1C821A4021CD00019938 /* LaunchScreen.xib */; };
		A7BB1C901A4021CD00019938 /* animationTests.m in Sources */ = {isa = PBXBuildFile; fileRef = A7BB1C8F1A4021CD00019938 /* animationTests.m */; };
/* End PBXBuildFile section */

/* Begin PBXContainerItemProxy section */
		A7BB1C8A1A4021CD00019938 /* PBXContainerItemProxy */ = {
			isa = PBXContainerItemProxy;
			containerPortal = A7BB1C681A4021CC00019938 /* Project object */;
			proxyType = 1;
			remoteGlobalIDString = A7BB1C6F1A4021CD00019938;
			remoteInfo = animation;
		};
/* End PBXContainerItemProxy section */

/* Begin PBXFileReference section */
		A7BB1C701A4021CD00019938 /* animation.app */ = {isa = PBXFileReference; explicitFileType = wrapper.application; includeInIndex = 0; path = animation.app; sourceTree = BUILT_PRODUCTS_DIR; };
		A7BB1C741A4021CD00019938 /* Info.plist */ = {isa = PBXFileReference; lastKnownFileType = text.plist.xml; path = Info.plist; sourceTree = "<group>"; };
		A7BB1C751A4021CD00019938 /* main.m */ = {isa = PBXFileReference; lastKnownFileType = sourcecode.c.objc; path = main.m; sourceTree = "<group>"; };
		A7BB1C771A4021CD00019938 /* AppDelegate.h */ = {isa = PBXFileReference; lastKnownFileType = sourcecode.c.h; path = AppDelegate.h; sourceTree = "<group>"; };
		A7BB1C781A4021CD00019938 /* AppDelegate.m */ = {isa = PBXFileReference; lastKnownFileType = sourcecode.c.objc; path = AppDelegate.m; sourceTree = "<group>"; };
		A7BB1C7A1A4021CD00019938 /* ViewController.h */ = {isa = PBXFileReference; lastKnownFileType = sourcecode.c.h; path = ViewController.h; sourceTree = "<group>"; };
		A7BB1C7B1A4021CD00019938 /* ViewController.m */ = {isa = PBXFileReference; lastKnownFileType = sourcecode.c.objc; path = ViewController.m; sourceTree = "<group>"; };
		A7BB1C7E1A4021CD00019938 /* Base */ = {isa = PBXFileReference; lastKnownFileType = file.storyboard; name = Base; path = Base.lproj/Main.storyboard; sourceTree = "<group>"; };
		A7BB1C801A4021CD00019938 /* Images.xcassets */ = {isa = PBXFileReference; lastKnownFileType = folder.assetcatalog; path = Images.xcassets; sourceTree = "<group>"; };
		A7BB1C831A4021CD00019938 /* Base */ = {isa = PBXFileReference; lastKnownFileType = file.xib; name = Base; path = Base.lproj/LaunchScreen.xib; sourceTree = "<group>"; };
		A7BB1C891A4021CD00019938 /* animationTests.xctest */ = {isa = PBXFileReference; explicitFileType = wrapper.cfbundle; includeInIndex = 0; path = animationTests.xctest; sourceTree = BUILT_PRODUCTS_DIR; };
		A7BB1C8E1A4021CD00019938 /* Info.plist */ = {isa = PBXFileReference; lastKnownFileType = text.plist.xml; path = Info.plist; sourceTree = "<group>"; };
		A7BB1C8F1A4021CD00019938 /* animationTests.m */ = {isa = PBXFileReference; lastKnownFileType = sourcecode.c.objc; path = animationTests.m; sourceTree = "<group>"; };
/* End PBXFileReference section */

/* Begin PBXFrameworksBuildPhase section */
		A7BB1C6D1A4021CD00019938 /* Frameworks */ = {
			isa = PBXFrameworksBuildPhase;
			buildActionMask = 2147483647;
			files = (
			);
			runOnlyForDeploymentPostprocessing = 0;
		};
		A7BB1C861A4021CD00019938 /* Frameworks */ = {
			isa = PBXFrameworksBuildPhase;
			buildActionMask = 2147483647;
			files = (
			);
			runOnlyForDeploymentPostprocessing = 0;
		};
/* End PBXFrameworksBuildPhase section */

/* Begin PBXGroup section */
		A7BB1C671A4021CC00019938 = {
			isa = PBXGroup;
			children = (
				A7BB1C721A4021CD00019938 /* animation */,
				A7BB1C8C1A4021CD00019938 /* animationTests */,
				A7BB1C711A4021CD00019938 /* Products */,
			);
			sourceTree = "<group>";
		};
		A7BB1C711A4021CD00019938 /* Products */ = {
			isa = PBXGroup;
			children = (
				A7BB1C701A4021CD00019938 /* animation.app */,
				A7BB1C891A4021CD00019938 /* animationTests.xctest */,
			);
			name = Products;
			sourceTree = "<group>";
		};
		A7BB1C721A4021CD00019938 /* animation */ = {
			isa = PBXGroup;
			children = (
				A7BB1C771A4021CD00019938 /* AppDelegate.h */,
				A7BB1C781A4021CD00019938 /* AppDelegate.m */,
				A7BB1C7A1A4021CD00019938 /* ViewController.h */,
				A7BB1C7B1A4021CD00019938 /* ViewController.m */,
				A7BB1C7D1A4021CD00019938 /* Main.storyboard */,
				A7BB1C801A4021CD00019938 /* Images.xcassets */,
				A7BB1C821A4021CD00019938 /* LaunchScreen.xib */,
				A7BB1C731A4021CD00019938 /* Supporting Files */,
			);
			path = animation;
			sourceTree = "<group>";
		};
		A7BB1C731A4021CD00019938 /* Supporting Files */ = {
			isa = PBXGroup;
			children = (
				A7BB1C741A4021CD00019938 /* Info.plist */,
				A7BB1C751A4021CD00019938 /* main.m */,
			);
			name = "Supporting Files";
			sourceTree = "<group>";
		};
		A7BB1C8C1A4021CD00019938 /* animationTests */ = {
			isa = PBXGroup;
			children = (
				A7BB1C8F1A4021CD00019938 /* animationTests.m */,
				A7BB1C8D1A4021CD00019938 /* Supporting Files */,
			);
			path = animationTests;
			sourceTree = "<group>";
		};
		A7BB1C8D1A4021CD00019938 /* Supporting Files */ = {
			isa = PBXGroup;
			children = (
				A7BB1C8E1A4021CD00019938 /* Info.plist */,
			);
			name = "Supporting Files";
			sourceTree = "<group>";
		};
/* End PBXGroup section */

/* Begin PBXNativeTarget section */
		A7BB1C6F1A4021CD00019938 /* animation */ = {
			isa = PBXNativeTarget;
			buildConfigurationList = A7BB1C931A4021CD00019938 /* Build configuration list for PBXNativeTarget "animation" */;
			buildPhases = (
				A7BB1C6C1A4021CD00019938 /* Sources */,
				A7BB1C6D1A4021CD00019938 /* Frameworks */,
				A7BB1C6E1A4021CD00019938 /* Resources */,
			);
			buildRules = (
			);
			dependencies = (
			);
			name = animation;
			productName = animation;
			productReference = A7BB1C701A4021CD00019938 /* animation.app */;
			productType = "com.apple.product-type.application";
		};
		A7BB1C881A4021CD00019938 /* animationTests */ = {
			isa = PBXNativeTarget;
			buildConfigurationList = A7BB1C961A4021CD00019938 /* Build configuration list for PBXNativeTarget "animationTests" */;
			buildPhases = (
				A7BB1C851A4021CD00019938 /* Sources */,
				A7BB1C861A4021CD00019938 /* Frameworks */,
				A7BB1C871A4021CD00019938 /* Resources */,
			);
			buildRules = (
			);
			dependencies = (
				A7BB1C8B1A4021CD00019938 /* PBXTargetDependency */,
			);
			name = animationTests;
			productName = animationTests;
			productReference = A7BB1C891A4021CD00019938 /* animationTests.xctest */;
			productType = "com.apple.product-type.bundle.unit-test";
		};
/* End PBXNativeTarget section */

/* Begin PBXProject section */
		A7BB1C681A4021CC00019938 /* Project object */ = {
			isa = PBXProject;
			attributes = {
				LastUpgradeCheck = 0610;
				ORGANIZATIONNAME = tanb;
				TargetAttributes = {
					A7BB1C6F1A4021CD00019938 = {
						CreatedOnToolsVersion = 6.1;
					};
					A7BB1C881A4021CD00019938 = {
						CreatedOnToolsVersion = 6.1;
						TestTargetID = A7BB1C6F1A4021CD00019938;
					};
				};
			};
			buildConfigurationList = A7BB1C6B1A4021CC00019938 /* Build configuration list for PBXProject "animation" */;
			compatibilityVersion = "Xcode 3.2";
			developmentRegion = English;
			hasScannedForEncodings = 0;
			knownRegions = (
				en,
				Base,
			);
			mainGroup = A7BB1C671A4021CC00019938;
			productRefGroup = A7BB1C711A4021CD00019938 /* Products */;
			projectDirPath = "";
			projectRoot = "";
			targets = (
				A7BB1C6F1A4021CD00019938 /* animation */,
				A7BB1C881A4021CD00019938 /* animationTests */,
			);
		};
/* End PBXProject section */

/* Begin PBXResourcesBuildPhase section */
		A7BB1C6E1A4021CD00019938 /* Resources */ = {
			isa = PBXResourcesBuildPhase;
			buildActionMask = 2147483647;
			files = (
				A7BB1C7F1A4021CD00019938 /* Main.storyboard in Resources */,
				A7BB1C841A4021CD00019938 /* LaunchScreen.xib in Resources */,
				A7BB1C811A4021CD00019938 /* Images.xcassets in Resources */,
			);
			runOnlyForDeploymentPostprocessing = 0;
		};
		A7BB1C871A4021CD00019938 /* Resources */ = {
			isa = PBXResourcesBuildPhase;
			buildActionMask = 2147483647;
			files = (
			);
			runOnlyForDeploymentPostprocessing = 0;
		};
/* End PBXResourcesBuildPhase section */

/* Begin PBXSourcesBuildPhase section */
		A7BB1C6C1A4021CD00019938 /* Sources */ = {
			isa = PBXSourcesBuildPhase;
			buildActionMask = 2147483647;
			files = (
				A7BB1C7C1A4021CD00019938 /* ViewController.m in Sources */,
				A7BB1C791A4021CD00019938 /* AppDelegate.m in Sources */,
				A7BB1C761A4021CD00019938 /* main.m in Sources */,
			);
			runOnlyForDeploymentPostprocessing = 0;
		};
		A7BB1C851A4021CD00019938 /* Sources */ = {
			isa = PBXSourcesBuildPhase;
			buildActionMask = 2147483647;
			files = (
				A7BB1C901A4021CD00019938 /* animationTests.m in Sources */,
			);
			runOnlyForDeploymentPostprocessing = 0;
		};
/* End PBXSourcesBuildPhase section */

/* Begin PBXTargetDependency section */
		A7BB1C8B1A4021CD00019938 /* PBXTargetDependency */ = {
			isa = PBXTargetDependency;
			target = A7BB1C6F1A4021CD00019938 /* animation */;
			targetProxy = A7BB1C8A1A4021CD00019938 /* PBXContainerItemProxy */;
		};
/* End PBXTargetDependency section */

/* Begin PBXVariantGroup section */
		A7BB1C7D1A4021CD00019938 /* Main.storyboard */ = {
			isa = PBXVariantGroup;
			children = (
				A7BB1C7E1A4021CD00019938 /* Base */,
			);
			name = Main.storyboard;
			sourceTree = "<group>";
		};
		A7BB1C821A4021CD00019938 /* LaunchScreen.xib */ = {
			isa = PBXVariantGroup;
			children = (
				A7BB1C831A4021CD00019938 /* Base */,
			);
			name = LaunchScreen.xib;
			sourceTree = "<group>";
		};
/* End PBXVariantGroup section */

/* Begin XCBuildConfiguration section */
		A7BB1C911A4021CD00019938 /* Debug */ = {
			isa = XCBuildConfiguration;
			buildSettings = {
				ALWAYS_SEARCH_USER_PATHS = NO;
				CLANG_CXX_LANGUAGE_STANDARD = "gnu++0x";
				CLANG_CXX_LIBRARY = "libc++";
				CLANG_ENABLE_MODULES = YES;
				CLANG_ENABLE_OBJC_ARC = YES;
				CLANG_WARN_BOOL_CONVERSION = YES;
				CLANG_WARN_CONSTANT_CONVERSION = YES;
				CLANG_WARN_DIRECT_OBJC_ISA_USAGE = YES_ERROR;
				CLANG_WARN_EMPTY_BODY = YES;
				CLANG_WARN_ENUM_CONVERSION = YES;
				CLANG_WARN_INT_CONVERSION = YES;
				CLANG_WARN_OBJC_ROOT_CLASS = YES_ERROR;
				CLANG_WARN_UNREACHABLE_CODE = YES;
				CLANG_WARN__DUPLICATE_METHOD_MATCH = YES;
				"CODE_SIGN_IDENTITY[sdk=iphoneos*]" = "iPhone Developer";
				COPY_PHASE_STRIP = NO;
				ENABLE_STRICT_OBJC_MSGSEND = YES;
				GCC_C_LANGUAGE_STANDARD = gnu99;
				GCC_DYNAMIC_NO_PIC = NO;
				GCC_OPTIMIZATION_LEVEL = 0;
				GCC_PREPROCESSOR_DEFINITIONS = (
					"DEBUG=1",
					"$(inherited)",
				);
				GCC_SYMBOLS_PRIVATE_EXTERN = NO;
				GCC_WARN_64_TO_32_BIT_CONVERSION = YES;
				GCC_WARN_ABOUT_RETURN_TYPE = YES_ERROR;
				GCC_WARN_UNDECLARED_SELECTOR = YES;
				GCC_WARN_UNINITIALIZED_AUTOS = YES_AGGRESSIVE;
				GCC_WARN_UNUSED_FUNCTION = YES;
				GCC_WARN_UNUSED_VARIABLE = YES;
				IPHONEOS_DEPLOYMENT_TARGET = 8.1;
				MTL_ENABLE_DEBUG_INFO = YES;
				ONLY_ACTIVE_ARCH = YES;
				SDKROOT = iphoneos;
			};
			name = Debug;
		};
		A7BB1C921A4021CD00019938 /* Release */ = {
			isa = XCBuildConfiguration;
			buildSettings = {
				ALWAYS_SEARCH_USER_PATHS = NO;
				CLANG_CXX_LANGUAGE_STANDARD = "gnu++0x";
				CLANG_CXX_LIBRARY = "libc++";
				CLANG_ENABLE_MODULES = YES;
				CLANG_ENABLE_OBJC_ARC = YES;
				CLANG_WARN_BOOL_CONVERSION = YES;
				CLANG_WARN_CONSTANT_CONVERSION = YES;
				CLANG_WARN_DIRECT_OBJC_ISA_USAGE = YES_ERROR;
				CLANG_WARN_EMPTY_BODY = YES;
				CLANG_WARN_ENUM_CONVERSION = YES;
				CLANG_WARN_INT_CONVERSION = YES;
				CLANG_WARN_OBJC_ROOT_CLASS = YES_ERROR;
				CLANG_WARN_UNREACHABLE_CODE = YES;
				CLANG_WARN__DUPLICATE_METHOD_MATCH = YES;
				"CODE_SIGN_IDENTITY[sdk=iphoneos*]" = "iPhone Developer";
				COPY_PHASE_STRIP = YES;
				ENABLE_NS_ASSERTIONS = NO;
				ENABLE_STRICT_OBJC_MSGSEND = YES;
				GCC_C_LANGUAGE_STANDARD = gnu99;
				GCC_WARN_64_TO_32_BIT_CONVERSION = YES;
				GCC_WARN_ABOUT_RETURN_TYPE = YES_ERROR;
				GCC_WARN_UNDECLARED_SELECTOR = YES;
				GCC_WARN_UNINITIALIZED_AUTOS = YES_AGGRESSIVE;
				GCC_WARN_UNUSED_FUNCTION = YES;
				GCC_WARN_UNUSED_VARIABLE = YES;
				IPHONEOS_DEPLOYMENT_TARGET = 8.1;
				MTL_ENABLE_DEBUG_INFO = NO;
				SDKROOT = iphoneos;
				VALIDATE_PRODUCT = YES;
			};
			name = Release;
		};
		A7BB1C941A4021CD00019938 /* Debug */ = {
			isa = XCBuildConfiguration;
			buildSettings = {
				ASSETCATALOG_COMPILER_APPICON_NAME = AppIcon;
				INFOPLIST_FILE = animation/Info.plist;
				LD_RUNPATH_SEARCH_PATHS = "$(inherited) @executable_path/Frameworks";
				PRODUCT_NAME = "$(TARGET_NAME)";
			};
			name = Debug;
		};
		A7BB1C951A4021CD00019938 /* Release */ = {
			isa = XCBuildConfiguration;
			buildSettings = {
				ASSETCATALOG_COMPILER_APPICON_NAME = AppIcon;
				INFOPLIST_FILE = animation/Info.plist;
				LD_RUNPATH_SEARCH_PATHS = "$(inherited) @executable_path/Frameworks";
				PRODUCT_NAME = "$(TARGET_NAME)";
			};
			name = Release;
		};
		A7BB1C971A4021CD00019938 /* Debug */ = {
			isa = XCBuildConfiguration;
			buildSettings = {
				BUNDLE_LOADER = "$(TEST_HOST)";
				FRAMEWORK_SEARCH_PATHS = (
					"$(SDKROOT)/Developer/Library/Frameworks",
					"$(inherited)",
				);
				GCC_PREPROCESSOR_DEFINITIONS = (
					"DEBUG=1",
					"$(inherited)",
				);
				INFOPLIST_FILE = animationTests/Info.plist;
				LD_RUNPATH_SEARCH_PATHS = "$(inherited) @executable_path/Frameworks @loader_path/Frameworks";
				PRODUCT_NAME = "$(TARGET_NAME)";
				TEST_HOST = "$(BUILT_PRODUCTS_DIR)/animation.app/animation";
			};
			name = Debug;
		};
		A7BB1C981A4021CD00019938 /* Release */ = {
			isa = XCBuildConfiguration;
			buildSettings = {
				BUNDLE_LOADER = "$(TEST_HOST)";
				FRAMEWORK_SEARCH_PATHS = (
					"$(SDKROOT)/Developer/Library/Frameworks",
					"$(inherited)",
				);
				INFOPLIST_FILE = animationTests/Info.plist;
				LD_RUNPATH_SEARCH_PATHS = "$(inherited) @executable_path/Frameworks @loader_path/Frameworks";
				PRODUCT_NAME = "$(TARGET_NAME)";
				TEST_HOST = "$(BUILT_PRODUCTS_DIR)/animation.app/animation";
			};
			name = Release;
		};
/* End XCBuildConfiguration section */

/* Begin XCConfigurationList section */
		A7BB1C6B1A4021CC00019938 /* Build configuration list for PBXProject "animation" */ = {
			isa = XCConfigurationList;
			buildConfigurations = (
				A7BB1C911A4021CD00019938 /* Debug */,
				A7BB1C921A4021CD00019938 /* Release */,
			);
			defaultConfigurationIsVisible = 0;
			defaultConfigurationName = Release;
		};
		A7BB1C931A4021CD00019938 /* Build configuration list for PBXNativeTarget "animation" */ = {
			isa = XCConfigurationList;
			buildConfigurations = (
				A7BB1C941A4021CD00019938 /* Debug */,
				A7BB1C951A4021CD00019938 /* Release */,
			);
			defaultConfigurationIsVisible = 0;
		};
		A7BB1C961A4021CD00019938 /* Build configuration list for PBXNativeTarget "animationTests" */ = {
			isa = XCConfigurationList;
			buildConfigurations = (
				A7BB1C971A4021CD00019938 /* Debug */,
				A7BB1C981A4021CD00019938 /* Release */,
			);
			defaultConfigurationIsVisible = 0;
		};
/* End XCConfigurationList section */
	};
	rootObject = A7BB1C681A4021CC00019938 /* Project object */;
}
